
Microsoft Visual Studio Solution File, Format Version 12.00
# Visual Studio 15
VisualStudioVersion = 15.0.28010.2046
MinimumVisualStudioVersion = 10.0.40219.1
Project("{9A19103F-16F7-4668-BE54-9A1E7A4F7556}") = "1_MathOperation", "1_MathOperation\1_MathOperation.csproj", "{3DC5D9A8-2265-439F-A5A1-16AFB76DEC7D}"
EndProject
Project("{9A19103F-16F7-4668-BE54-9A1E7A4F7556}") = "2_Animals", "2_Animals\2_Animals.csproj", "{60CB1F69-32F1-465C-B384-F01E579EAE7C}"
EndProject
Project("{9A19103F-16F7-4668-BE54-9A1E7A4F7556}") = "3_Shapes", "3_Shapes\3_Shapes.csproj", "{D1FC6D8F-B180-4FD3-B3B8-00F21603AA0B}"
EndProject
Global
	GlobalSection(SolutionConfigurationPlatforms) = preSolution
		Debug|Any CPU = Debug|Any CPU
		Release|Any CPU = Release|Any CPU
	EndGlobalSection
	GlobalSection(ProjectConfigurationPlatforms) = postSolution
		{3DC5D9A8-2265-439F-A5A1-16AFB76DEC7D}.Debug|Any CPU.ActiveCfg = Debug|Any CPU
		{3DC5D9A8-2265-439F-A5A1-16AFB76DEC7D}.Debug|Any CPU.Build.0 = Debug|Any CPU
		{3DC5D9A8-2265-439F-A5A1-16AFB76DEC7D}.Release|Any CPU.ActiveCfg = Release|Any CPU
		{3DC5D9A8-2265-439F-A5A1-16AFB76DEC7D}.Release|Any CPU.Build.0 = Release|Any CPU
		{60CB1F69-32F1-465C-B384-F01E579EAE7C}.Debug|Any CPU.ActiveCfg = Debug|Any CPU
		{60CB1F69-32F1-465C-B384-F01E579EAE7C}.Debug|Any CPU.Build.0 = Debug|Any CPU
		{60CB1F69-32F1-465C-B384-F01E579EAE7C}.Release|Any CPU.ActiveCfg = Release|Any CPU
		{60CB1F69-32F1-465C-B384-F01E579EAE7C}.Release|Any CPU.Build.0 = Release|Any CPU
		{D1FC6D8F-B180-4FD3-B3B8-00F21603AA0B}.Debug|Any CPU.ActiveCfg = Debug|Any CPU
		{D1FC6D8F-B180-4FD3-B3B8-00F21603AA0B}.Debug|Any CPU.Build.0 = Debug|Any CPU
		{D1FC6D8F-B180-4FD3-B3B8-00F21603AA0B}.Release|Any CPU.ActiveCfg = Release|Any CPU
		{D1FC6D8F-B180-4FD3-B3B8-00F21603AA0B}.Release|Any CPU.Build.0 = Release|Any CPU
	EndGlobalSection
	GlobalSection(SolutionProperties) = preSolution
		HideSolutionNode = FALSE
	EndGlobalSection
	GlobalSection(ExtensibilityGlobals) = postSolution
		SolutionGuid = {95E0D197-26AF-4B78-9590-73E94CE37A46}
	EndGlobalSection
EndGlobal
